
Microsoft Visual Studio Solution File, Format Version 12.00
# Visual Studio 15
VisualStudioVersion = 15.0.28010.2046
MinimumVisualStudioVersion = 10.0.40219.1
Project("{FAE04EC0-301F-11D3-BF4B-00C04F79EFBC}") = "GetSet2019", "GetSet2019\GetSet2019.csproj", "{72C7F16E-B6DC-4E00-8D2A-333E41B1C4A1}"
EndProject
Global
	GlobalSection(SolutionConfigurationPlatforms) = preSolution
		Debug|Any CPU = Debug|Any CPU
		Release|Any CPU = Release|Any CPU
	EndGlobalSection
	GlobalSection(ProjectConfigurationPlatforms) = postSolution
		{72C7F16E-B6DC-4E00-8D2A-333E41B1C4A1}.Debug|Any CPU.ActiveCfg = Debug|Any CPU
		{72C7F16E-B6DC-4E00-8D2A-333E41B1C4A1}.Debug|Any CPU.Build.0 = Debug|Any CPU
		{72C7F16E-B6DC-4E00-8D2A-333E41B1C4A1}.Release|Any CPU.ActiveCfg = Release|Any CPU
		{72C7F16E-B6DC-4E00-8D2A-333E41B1C4A1}.Release|Any CPU.Build.0 = Release|Any CPU
	EndGlobalSection
	GlobalSection(SolutionProperties) = preSolution
		HideSolutionNode = FALSE
	EndGlobalSection
	GlobalSection(ExtensibilityGlobals) = postSolution
		SolutionGuid = {11EB16FA-5BFF-4538-9260-960C3272EA3E}
	EndGlobalSection
EndGlobal
